{
  "version": 4,
  "terraform_version": "1.9.8",
  "serial": 3,
  "lineage": "b663a33f-2556-98db-4bb8-e9b4e9478473",
  "outputs": {},
  "resources": [
    {
      "module": "module.eks",
      "mode": "managed",
      "type": "aws_eks_cluster",
      "name": "eks",
      "provider": "provider[\"registry.terraform.io/hashicorp/aws\"]",
      "instances": [
        {
          "schema_version": 1,
          "attributes": {
            "access_config": [
              {
                "authentication_mode": "CONFIG_MAP",
                "bootstrap_cluster_creator_admin_permissions": true
              }
            ],
            "arn": "arn:aws:eks:us-east-1:257394462020:cluster/fqts-dev-eks",
            "bootstrap_self_managed_addons": true,
            "certificate_authority": [
              {
                "data": "LS0tLS1CRUdJTiBDRVJUSUZJQ0FURS0tLS0tCk1JSURCVENDQWUyZ0F3SUJBZ0lJWUZuUXpKWmZoaGt3RFFZSktvWklodmNOQVFFTEJRQXdGVEVUTUJFR0ExVUUKQXhNS2EzVmlaWEp1WlhSbGN6QWVGdzB5TlRBek1qWXhNekUzTlRoYUZ3MHpOVEF6TWpReE16SXlOVGhhTUJVeApFekFSQmdOVkJBTVRDbXQxWW1WeWJtVjBaWE13Z2dFaU1BMEdDU3FHU0liM0RRRUJBUVVBQTRJQkR3QXdnZ0VLCkFvSUJBUURXNlFJWkNCeWpiOFZzaEhRWTZHclB3RXJhcFVDMDJvbk5xSW5RVjE5VTJCNys1ck90M0VzSzRnalMKSEs4ODFJdzA4bm05QlhXRTRRWm1vdkovbUx2MzhlT2tUMHMrUGx6eTNNelNvWW8vRS82eHBtcGxDenBPM1Urbwo1d2tEdWd5dFU3cmgyUUJNNjNFOUpKTmxpV1NHNWYvZmd2bVdrUkVCVitrY0JGZWxBdDZqd3lYUTA4cXk0ejlWClFCQ0hocmFGU01DcmQwbUFybW9ySzZvOFBHaUJickFuTEF5UlRtRjZtTE1QSTlIUFRjb2ZvbWQ4ZjJocm9HRHkKdGZrS3Nra2dqQ3NhZCt2SWR3OWxHZmM4L2YzdUN4T09odTZlM1RNeUJXbWh4S3piRjJlTTMyUk01K1pSZVVXaApESElQYW9lOGp1MXVVUWF4a3BWM2txbGxIMGoxQWdNQkFBR2pXVEJYTUE0R0ExVWREd0VCL3dRRUF3SUNwREFQCkJnTlZIUk1CQWY4RUJUQURBUUgvTUIwR0ExVWREZ1FXQkJTbXRBNWpHVXc3RTNHNVZIdmhxV214Z28xYjVUQVYKQmdOVkhSRUVEakFNZ2dwcmRXSmxjbTVsZEdWek1BMEdDU3FHU0liM0RRRUJDd1VBQTRJQkFRQ0hJYlZxeVd2YgpSdG1VWGtGWCtkNndoZmU5dlJnTkxCVktCZVI5UkdLbXFobk43cFRZczBJaTNqREJyNThPTGpaMnJWbjRQODVHCjltU2MxOUxSdGFaZHhxY0hKaDdpcnAyYVVXQ2VhYmJXNmp0ek9VRjdvUytTelpMRjdyNG81YzVxNHJQL3pYMFYKUzZMQzBaNG5CTjVkNmxoSXIyTDN3U2NOMGtzYzhzSGN1OU1aRnc2ZUNJYnpKYnJsYTVPSWdFUTZUR3RmT0NMZwpFaEg1bEYyVmdUZm53bVlZK0t6L1RNWWlDOW1WZllYSGtwRXJSRTVRZ1Vla1c3allzUVFBeVYyR2lZbStDQ0M5CmtoREZwRTRkVVNmV2xSVW5yRXI5eU1FYVFtUzBrYU5oM0NoYkhDQTdlVzJiMjc0RVJvWWoxR1VPY1Fhamt2bkIKeFJJdVJLc2liNlFkCi0tLS0tRU5EIENFUlRJRklDQVRFLS0tLS0K"
              }
            ],
            "cluster_id": null,
            "compute_config": [],
            "created_at": "2025-03-26T13:17:13Z",
            "enabled_cluster_log_types": null,
            "encryption_config": [],
            "endpoint": "https://071B0B17C7555F30D4F7FD8A485E00FE.gr7.us-east-1.eks.amazonaws.com",
            "id": "fqts-dev-eks",
            "identity": [
              {
                "oidc": [
                  {
                    "issuer": "https://oidc.eks.us-east-1.amazonaws.com/id/071B0B17C7555F30D4F7FD8A485E00FE"
                  }
                ]
              }
            ],
            "kubernetes_network_config": [
              {
                "elastic_load_balancing": [
                  {
                    "enabled": false
                  }
                ],
                "ip_family": "ipv4",
                "service_ipv4_cidr": "10.100.0.0/16",
                "service_ipv6_cidr": ""
              }
            ],
            "name": "fqts-dev-eks",
            "outpost_config": [],
            "platform_version": "eks.5",
            "remote_network_config": [],
            "role_arn": "arn:aws:iam::257394462020:role/fqts-dev-eks-master-role",
            "status": "ACTIVE",
            "storage_config": [],
            "tags": {
              "Name": "fqts-dev-eks",
              "co_name": "fqts",
              "env": "dev"
            },
            "tags_all": {
              "Name": "fqts-dev-eks",
              "co_name": "fqts",
              "env": "dev"
            },
            "timeouts": null,
            "upgrade_policy": [
              {
                "support_type": "EXTENDED"
              }
            ],
            "version": "1.32",
            "vpc_config": [
              {
                "cluster_security_group_id": "sg-0f11f4932d60a768c",
                "endpoint_private_access": false,
                "endpoint_public_access": true,
                "public_access_cidrs": [
                  "0.0.0.0/0"
                ],
                "security_group_ids": null,
                "subnet_ids": [
                  "subnet-0006ead7048785ec8",
                  "subnet-0a38d7461e97b1fb2"
                ],
                "vpc_id": "vpc-09f6fc08d2689b3f0"
              }
            ],
            "zonal_shift_config": []
          },
          "sensitive_attributes": [],
          "private": "eyJlMmJmYjczMC1lY2FhLTExZTYtOGY4OC0zNDM2M2JjN2M0YzAiOnsiY3JlYXRlIjoxODAwMDAwMDAwMDAwLCJkZWxldGUiOjkwMDAwMDAwMDAwMCwidXBkYXRlIjozNjAwMDAwMDAwMDAwfSwic2NoZW1hX3ZlcnNpb24iOiIxIn0="
        }
      ]
    },
    {
      "module": "module.eks",
      "mode": "managed",
      "type": "aws_eks_node_group",
      "name": "backend",
      "provider": "provider[\"registry.terraform.io/hashicorp/aws\"]",
      "instances": [
        {
          "schema_version": 0,
          "attributes": {
            "ami_type": "AL2023_x86_64_STANDARD",
            "arn": "arn:aws:eks:us-east-1:257394462020:nodegroup/fqts-dev-eks/fqts-dev-eks_worker/f8cae950-ad16-f271-9cd0-d185db21cb84",
            "capacity_type": "ON_DEMAND",
            "cluster_name": "fqts-dev-eks",
            "disk_size": 20,
            "force_update_version": null,
            "id": "fqts-dev-eks:fqts-dev-eks_worker",
            "instance_types": [
              "t2.medium"
            ],
            "labels": {
              "env": "dev"
            },
            "launch_template": [],
            "node_group_name": "fqts-dev-eks_worker",
            "node_group_name_prefix": "",
            "node_repair_config": [],
            "node_role_arn": "arn:aws:iam::257394462020:role/fqts-dev-eks-worker-role",
            "release_version": "1.32.1-20250317",
            "remote_access": [
              {
                "ec2_ssh_key": "Mayur_Key_Pair",
                "source_security_group_ids": [
                  "sg-0be5ee2ef1e8bb314"
                ]
              }
            ],
            "resources": [
              {
                "autoscaling_groups": [
                  {
                    "name": "eks-fqts-dev-eks_worker-f8cae950-ad16-f271-9cd0-d185db21cb84"
                  }
                ],
                "remote_access_security_group_id": "sg-022271ea37e2b6f14"
              }
            ],
            "scaling_config": [
              {
                "desired_size": 2,
                "max_size": 3,
                "min_size": 1
              }
            ],
            "status": "ACTIVE",
            "subnet_ids": [
              "subnet-0006ead7048785ec8",
              "subnet-0a38d7461e97b1fb2"
            ],
            "tags": {
              "Name": "fqts-dev-eks",
              "co_name": "fqts",
              "env": "dev"
            },
            "tags_all": {
              "Name": "fqts-dev-eks",
              "co_name": "fqts",
              "env": "dev"
            },
            "taint": [],
            "timeouts": null,
            "update_config": [
              {
                "max_unavailable": 1,
                "max_unavailable_percentage": 0
              }
            ],
            "version": "1.32"
          },
          "sensitive_attributes": [],
          "private": "eyJlMmJmYjczMC1lY2FhLTExZTYtOGY4OC0zNDM2M2JjN2M0YzAiOnsiY3JlYXRlIjozNjAwMDAwMDAwMDAwLCJkZWxldGUiOjM2MDAwMDAwMDAwMDAsInVwZGF0ZSI6MzYwMDAwMDAwMDAwMH19",
          "dependencies": [
            "module.eks.aws_eks_cluster.eks"
          ]
        }
      ]
    }
  ],
  "check_results": null
}
